
Microsoft Visual Studio Solution File, Format Version 12.00
# Visual Studio 15
VisualStudioVersion = 15.0.27428.2015
MinimumVisualStudioVersion = 10.0.40219.1
Project("{FAE04EC0-301F-11D3-BF4B-00C04F79EFBC}") = "DnD", "DnD\DnD.csproj", "{375C8314-E958-4FFF-91B5-E6DC1398083E}"
EndProject
Global
	GlobalSection(SolutionConfigurationPlatforms) = preSolution
		Debug|Any CPU = Debug|Any CPU
		Release|Any CPU = Release|Any CPU
	EndGlobalSection
	GlobalSection(ProjectConfigurationPlatforms) = postSolution
		{375C8314-E958-4FFF-91B5-E6DC1398083E}.Debug|Any CPU.ActiveCfg = Debug|Any CPU
		{375C8314-E958-4FFF-91B5-E6DC1398083E}.Debug|Any CPU.Build.0 = Debug|Any CPU
		{375C8314-E958-4FFF-91B5-E6DC1398083E}.Release|Any CPU.ActiveCfg = Release|Any CPU
		{375C8314-E958-4FFF-91B5-E6DC1398083E}.Release|Any CPU.Build.0 = Release|Any CPU
	EndGlobalSection
	GlobalSection(SolutionProperties) = preSolution
		HideSolutionNode = FALSE
	EndGlobalSection
	GlobalSection(ExtensibilityGlobals) = postSolution
		SolutionGuid = {BDB4B201-C773-40F6-953F-B81FD5EA9572}
	EndGlobalSection
EndGlobal
